
Microsoft Visual Studio Solution File, Format Version 12.00
# Visual Studio 14
VisualStudioVersion = 14.0.25420.1
MinimumVisualStudioVersion = 10.0.40219.1
Project("{8BB2217D-0F2D-49D1-97BC-3654ED321F3B}") = "PoGo.NecroBot.CLI.NetCore", "PoGo.NecroBot.CLI.NetCore\PoGo.NecroBot.CLI.NetCore.xproj", "{375677DD-E4DF-4724-B041-11D5D9D44B18}"
	ProjectSection(ProjectDependencies) = postProject
		{1783B284-3156-4F73-89C0-BF370157EFD4} = {1783B284-3156-4F73-89C0-BF370157EFD4}
	EndProjectSection
EndProject
Project("{8BB2217D-0F2D-49D1-97BC-3654ED321F3B}") = "PoGo.NecroBot.Logic.NetCore", "PoGo.NecroBot.Logic.NetCore\PoGo.NecroBot.Logic.NetCore.xproj", "{1783B284-3156-4F73-89C0-BF370157EFD4}"
EndProject
Global
	GlobalSection(SolutionConfigurationPlatforms) = preSolution
		Debug|Any CPU = Debug|Any CPU
		Release|Any CPU = Release|Any CPU
	EndGlobalSection
	GlobalSection(ProjectConfigurationPlatforms) = postSolution
		{375677DD-E4DF-4724-B041-11D5D9D44B18}.Debug|Any CPU.ActiveCfg = Debug|Any CPU
		{375677DD-E4DF-4724-B041-11D5D9D44B18}.Debug|Any CPU.Build.0 = Debug|Any CPU
		{375677DD-E4DF-4724-B041-11D5D9D44B18}.Release|Any CPU.ActiveCfg = Release|Any CPU
		{375677DD-E4DF-4724-B041-11D5D9D44B18}.Release|Any CPU.Build.0 = Release|Any CPU
		{1783B284-3156-4F73-89C0-BF370157EFD4}.Debug|Any CPU.ActiveCfg = Debug|Any CPU
		{1783B284-3156-4F73-89C0-BF370157EFD4}.Debug|Any CPU.Build.0 = Debug|Any CPU
		{1783B284-3156-4F73-89C0-BF370157EFD4}.Release|Any CPU.ActiveCfg = Release|Any CPU
		{1783B284-3156-4F73-89C0-BF370157EFD4}.Release|Any CPU.Build.0 = Release|Any CPU
	EndGlobalSection
	GlobalSection(SolutionProperties) = preSolution
		HideSolutionNode = FALSE
	EndGlobalSection
EndGlobal
